
Microsoft Visual Studio Solution File, Format Version 12.00
# Visual Studio Version 17
VisualStudioVersion = 17.10.35027.167
MinimumVisualStudioVersion = 10.0.40219.1
Project("{FAE04EC0-301F-11D3-BF4B-00C04F79EFBC}") = "BankProjectServerSide", "BankProjectServerSide.csproj", "{CC9415C5-2324-47D6-BFFE-4803789DF7FF}"
EndProject
Project("{FAE04EC0-301F-11D3-BF4B-00C04F79EFBC}") = "BankProjectDataAccessLayer", "..\BankProjectDataAccessLayer\BankProjectDataAccessLayer.csproj", "{40ADA912-B861-4006-8174-1FBCADCC7521}"
EndProject
Project("{FAE04EC0-301F-11D3-BF4B-00C04F79EFBC}") = "BankProjectBusinessLayer", "..\BankProjectBusinessLayer\BankProjectBusinessLayer.csproj", "{AE81BB68-F176-494E-B450-4E9F8BF7FD1E}"
EndProject
Global
	GlobalSection(SolutionConfigurationPlatforms) = preSolution
		Debug|Any CPU = Debug|Any CPU
		Release|Any CPU = Release|Any CPU
	EndGlobalSection
	GlobalSection(ProjectConfigurationPlatforms) = postSolution
		{CC9415C5-2324-47D6-BFFE-4803789DF7FF}.Debug|Any CPU.ActiveCfg = Debug|Any CPU
		{CC9415C5-2324-47D6-BFFE-4803789DF7FF}.Debug|Any CPU.Build.0 = Debug|Any CPU
		{CC9415C5-2324-47D6-BFFE-4803789DF7FF}.Release|Any CPU.ActiveCfg = Release|Any CPU
		{CC9415C5-2324-47D6-BFFE-4803789DF7FF}.Release|Any CPU.Build.0 = Release|Any CPU
		{40ADA912-B861-4006-8174-1FBCADCC7521}.Debug|Any CPU.ActiveCfg = Debug|Any CPU
		{40ADA912-B861-4006-8174-1FBCADCC7521}.Debug|Any CPU.Build.0 = Debug|Any CPU
		{40ADA912-B861-4006-8174-1FBCADCC7521}.Release|Any CPU.ActiveCfg = Release|Any CPU
		{40ADA912-B861-4006-8174-1FBCADCC7521}.Release|Any CPU.Build.0 = Release|Any CPU
		{AE81BB68-F176-494E-B450-4E9F8BF7FD1E}.Debug|Any CPU.ActiveCfg = Debug|Any CPU
		{AE81BB68-F176-494E-B450-4E9F8BF7FD1E}.Debug|Any CPU.Build.0 = Debug|Any CPU
		{AE81BB68-F176-494E-B450-4E9F8BF7FD1E}.Release|Any CPU.ActiveCfg = Release|Any CPU
		{AE81BB68-F176-494E-B450-4E9F8BF7FD1E}.Release|Any CPU.Build.0 = Release|Any CPU
	EndGlobalSection
	GlobalSection(SolutionProperties) = preSolution
		HideSolutionNode = FALSE
	EndGlobalSection
	GlobalSection(ExtensibilityGlobals) = postSolution
		SolutionGuid = {F64DF965-1B82-42A3-8D8D-C24AF7E0BC43}
	EndGlobalSection
EndGlobal
